
Microsoft Visual Studio Solution File, Format Version 12.00
# Visual Studio 15
VisualStudioVersion = 15.0.27428.2027
MinimumVisualStudioVersion = 10.0.40219.1
Project("{FAE04EC0-301F-11D3-BF4B-00C04F79EFBC}") = "ABDService", "ABDService\ABDService.csproj", "{7E78BF44-F21A-40F0-AE8A-DAFF5F8261AD}"
EndProject
Global
	GlobalSection(SolutionConfigurationPlatforms) = preSolution
		Debug|Any CPU = Debug|Any CPU
		Release|Any CPU = Release|Any CPU
	EndGlobalSection
	GlobalSection(ProjectConfigurationPlatforms) = postSolution
		{7E78BF44-F21A-40F0-AE8A-DAFF5F8261AD}.Debug|Any CPU.ActiveCfg = Debug|Any CPU
		{7E78BF44-F21A-40F0-AE8A-DAFF5F8261AD}.Debug|Any CPU.Build.0 = Debug|Any CPU
		{7E78BF44-F21A-40F0-AE8A-DAFF5F8261AD}.Release|Any CPU.ActiveCfg = Release|Any CPU
		{7E78BF44-F21A-40F0-AE8A-DAFF5F8261AD}.Release|Any CPU.Build.0 = Release|Any CPU
	EndGlobalSection
	GlobalSection(SolutionProperties) = preSolution
		HideSolutionNode = FALSE
	EndGlobalSection
	GlobalSection(ExtensibilityGlobals) = postSolution
		SolutionGuid = {16D93456-96B3-4AE5-B05D-B86DAB1E251E}
	EndGlobalSection
EndGlobal
